{
  "name": "ssech",
  "version": "1.0.0",
  "lockfileVersion": 1,
  "requires": true,
  "dependencies": {
    "lodash": {
      "version": "4.17.11",
      "resolved": "https://registry.npmjs.org/lodash/-/lodash-4.17.11.tgz",
      "integrity": "sha512-cQKh8igo5QUhZ7lg38DYWAxMvjSAKG0A8wGSVimP07SIUEK2UO+arSRKbRZWtelMtN5V0Hkwh5ryOto/SshYIg=="
    },
    "options": {
      "version": "0.0.6",
      "resolved": "https://registry.npmjs.org/options/-/options-0.0.6.tgz",
      "integrity": "sha1-7CLTEoBrtT5zF3Pnza788cZDEo8="
    },
    "querystring": {
      "version": "0.2.0",
      "resolved": "https://registry.npmjs.org/querystring/-/querystring-0.2.0.tgz",
      "integrity": "sha1-sgmEkgO7Jd+CDadW50cAWHhSFiA="
    },
    "singlevue": {
      "version": "3.0.9",
      "resolved": "https://registry.npmjs.org/singlevue/-/singlevue-3.0.8.tgz",
      "integrity": "sha512-3eQB9njYJAvV4Ev/CQaPv/M2uogQExeV/o7NPafpllHccOEda4gMNqFZUd36m/WgZhQwM/h7+RNCvyeO2NS5kg==",
      "requires": {
        "querystring": "^0.2.0",
        "smart-circular": "^1.0.2"
      }
    },
    "smart-circular": {
      "version": "1.0.2",
      "resolved": "https://registry.npmjs.org/smart-circular/-/smart-circular-1.0.2.tgz",
      "integrity": "sha1-rQZ2rZ4G3UFnjYCvPfMtuYxD2Kc=",
      "requires": {
        "lodash": "^4.15.0"
      }
    },
    "sse": {
      "version": "0.0.8",
      "resolved": "https://registry.npmjs.org/sse/-/sse-0.0.8.tgz",
      "integrity": "sha512-cviG7JH31TUhZeaEVhac3zTzA+2FwA7qvHziAHpb7mC7RNVJ/RbHN+6LIGsS2ugP4o2H15DWmrSMK+91CboIcg==",
      "requires": {
        "options": "0.0.6"
      }
    }
  }
}
