{
  "name": "ssech",
  "version": "1.0.0",
  "lockfileVersion": 1,
  "requires": true,
  "dependencies": {
    "options": {
      "version": "0.0.6",
      "resolved": "https://registry.npmjs.org/options/-/options-0.0.6.tgz",
      "integrity": "sha1-7CLTEoBrtT5zF3Pnza788cZDEo8="
    },
    "sse": {
      "version": "0.0.8",
      "resolved": "https://registry.npmjs.org/sse/-/sse-0.0.8.tgz",
      "integrity": "sha512-cviG7JH31TUhZeaEVhac3zTzA+2FwA7qvHziAHpb7mC7RNVJ/RbHN+6LIGsS2ugP4o2H15DWmrSMK+91CboIcg==",
      "requires": {
        "options": "0.0.6"
      }
    }
  }
}
