{
  "name": "ssech",
  "version": "1.0.0",
  "lockfileVersion": 1,
  "requires": true,
  "dependencies": {
    "options": {
      "version": "0.0.6",
      "resolved": "https://registry.npmjs.org/options/-/options-0.0.6.tgz",
      "integrity": "sha1-7CLTEoBrtT5zF3Pnza788cZDEo8="
    },
    "querystring": {
      "version": "0.2.0",
      "resolved": "https://registry.npmjs.org/querystring/-/querystring-0.2.0.tgz",
      "integrity": "sha1-sgmEkgO7Jd+CDadW50cAWHhSFiA="
    },
    "singlevue": {
      "version": "1.0.1",
      "resolved": "https://registry.npmjs.org/singlevue/-/singlevue-1.0.1.tgz",
      "integrity": "sha512-43xJsF+hEbAbbk7oglixZzJ/Yi2bBuvWJ/yYI9A7Htu0tZ/12EPg4+6KQplmQPF9MXh6K+dAaGt28QaOUjrRpQ=="
    },
    "sse": {
      "version": "0.0.8",
      "resolved": "https://registry.npmjs.org/sse/-/sse-0.0.8.tgz",
      "integrity": "sha512-cviG7JH31TUhZeaEVhac3zTzA+2FwA7qvHziAHpb7mC7RNVJ/RbHN+6LIGsS2ugP4o2H15DWmrSMK+91CboIcg==",
      "requires": {
        "options": "0.0.6"
      }
    }
  }
}
